
Microsoft Visual Studio Solution File, Format Version 12.00
# Visual Studio Version 17
VisualStudioVersion = 17.4.33205.214
MinimumVisualStudioVersion = 10.0.40219.1
Project("{FAE04EC0-301F-11D3-BF4B-00C04F79EFBC}") = "FaceIt2023", "FaceIt2023.csproj", "{A2CA56F6-CAD4-4D90-B969-358280BB0461}"
EndProject
Global
	GlobalSection(SolutionConfigurationPlatforms) = preSolution
		Debug|Any CPU = Debug|Any CPU
		Release|Any CPU = Release|Any CPU
	EndGlobalSection
	GlobalSection(ProjectConfigurationPlatforms) = postSolution
		{A2CA56F6-CAD4-4D90-B969-358280BB0461}.Debug|Any CPU.ActiveCfg = Debug|Any CPU
		{A2CA56F6-CAD4-4D90-B969-358280BB0461}.Debug|Any CPU.Build.0 = Debug|Any CPU
		{A2CA56F6-CAD4-4D90-B969-358280BB0461}.Release|Any CPU.ActiveCfg = Release|Any CPU
		{A2CA56F6-CAD4-4D90-B969-358280BB0461}.Release|Any CPU.Build.0 = Release|Any CPU
	EndGlobalSection
	GlobalSection(SolutionProperties) = preSolution
		HideSolutionNode = FALSE
	EndGlobalSection
	GlobalSection(ExtensibilityGlobals) = postSolution
		SolutionGuid = {85ED8B42-F0D9-4C5C-B8F3-707A30B6F316}
	EndGlobalSection
EndGlobal
